
Microsoft Visual Studio Solution File, Format Version 12.00
# Visual Studio Version 16
VisualStudioVersion = 16.0.29806.167
MinimumVisualStudioVersion = 10.0.40219.1
Project("{9A19103F-16F7-4668-BE54-9A1E7A4F7556}") = "XCloud.GeoLocation", "XCloud.GeoLocation\XCloud.GeoLocation.csproj", "{CE026771-CEA6-40F4-89CC-A5595F8403FB}"
EndProject
Global
	GlobalSection(SolutionConfigurationPlatforms) = preSolution
		Debug|Any CPU = Debug|Any CPU
		Release|Any CPU = Release|Any CPU
	EndGlobalSection
	GlobalSection(ProjectConfigurationPlatforms) = postSolution
		{CE026771-CEA6-40F4-89CC-A5595F8403FB}.Debug|Any CPU.ActiveCfg = Debug|Any CPU
		{CE026771-CEA6-40F4-89CC-A5595F8403FB}.Debug|Any CPU.Build.0 = Debug|Any CPU
		{CE026771-CEA6-40F4-89CC-A5595F8403FB}.Release|Any CPU.ActiveCfg = Release|Any CPU
		{CE026771-CEA6-40F4-89CC-A5595F8403FB}.Release|Any CPU.Build.0 = Release|Any CPU
	EndGlobalSection
	GlobalSection(SolutionProperties) = preSolution
		HideSolutionNode = FALSE
	EndGlobalSection
	GlobalSection(ExtensibilityGlobals) = postSolution
		SolutionGuid = {1F476D67-27A6-48F4-85A2-99FD8356446A}
	EndGlobalSection
EndGlobal
